
Microsoft Visual Studio Solution File, Format Version 12.00
# Visual Studio Version 17
VisualStudioVersion = 17.0.32002.185
MinimumVisualStudioVersion = 10.0.40219.1
Project("{9A19103F-16F7-4668-BE54-9A1E7A4F7556}") = "WeatherAppApi", "WeatherAppApi\WeatherAppApi.csproj", "{EAC3415B-13D3-49AD-8708-3520A7993F6F}"
EndProject
Project("{9A19103F-16F7-4668-BE54-9A1E7A4F7556}") = "WeatherApp.Domain", "WeatherApp.Domain\WeatherApp.Domain.csproj", "{C2337804-A4B5-4E51-B4EE-C5EFD814CC5B}"
EndProject
Global
	GlobalSection(SolutionConfigurationPlatforms) = preSolution
		Debug|Any CPU = Debug|Any CPU
		Release|Any CPU = Release|Any CPU
	EndGlobalSection
	GlobalSection(ProjectConfigurationPlatforms) = postSolution
		{EAC3415B-13D3-49AD-8708-3520A7993F6F}.Debug|Any CPU.ActiveCfg = Debug|Any CPU
		{EAC3415B-13D3-49AD-8708-3520A7993F6F}.Debug|Any CPU.Build.0 = Debug|Any CPU
		{EAC3415B-13D3-49AD-8708-3520A7993F6F}.Release|Any CPU.ActiveCfg = Release|Any CPU
		{EAC3415B-13D3-49AD-8708-3520A7993F6F}.Release|Any CPU.Build.0 = Release|Any CPU
		{C2337804-A4B5-4E51-B4EE-C5EFD814CC5B}.Debug|Any CPU.ActiveCfg = Debug|Any CPU
		{C2337804-A4B5-4E51-B4EE-C5EFD814CC5B}.Debug|Any CPU.Build.0 = Debug|Any CPU
		{C2337804-A4B5-4E51-B4EE-C5EFD814CC5B}.Release|Any CPU.ActiveCfg = Release|Any CPU
		{C2337804-A4B5-4E51-B4EE-C5EFD814CC5B}.Release|Any CPU.Build.0 = Release|Any CPU
	EndGlobalSection
	GlobalSection(SolutionProperties) = preSolution
		HideSolutionNode = FALSE
	EndGlobalSection
	GlobalSection(ExtensibilityGlobals) = postSolution
		SolutionGuid = {A29DA5DD-E95A-4FB7-A264-64CEDCE7FFDD}
	EndGlobalSection
EndGlobal
